
Microsoft Visual Studio Solution File, Format Version 12.00
# Visual Studio Version 16
VisualStudioVersion = 16.0.29728.190
MinimumVisualStudioVersion = 10.0.40219.1
Project("{9A19103F-16F7-4668-BE54-9A1E7A4F7556}") = "Forum", "Forum.csproj", "{788A676B-B7CF-45ED-8C88-9ADB77A33F5D}"
EndProject
Project("{9A19103F-16F7-4668-BE54-9A1E7A4F7556}") = "Forum.Data", "..\Forums.Data\Forum.Data.csproj", "{7087170C-401F-4917-B1FD-B33730A971EB}"
EndProject
Project("{FAE04EC0-301F-11D3-BF4B-00C04F79EFBC}") = "Forum.Service", "..\Forum.Service\Forum.Service.csproj", "{260F8651-6B40-4980-9859-EC007CAD7D92}"
EndProject
Global
	GlobalSection(SolutionConfigurationPlatforms) = preSolution
		Debug|Any CPU = Debug|Any CPU
		Release|Any CPU = Release|Any CPU
	EndGlobalSection
	GlobalSection(ProjectConfigurationPlatforms) = postSolution
		{788A676B-B7CF-45ED-8C88-9ADB77A33F5D}.Debug|Any CPU.ActiveCfg = Debug|Any CPU
		{788A676B-B7CF-45ED-8C88-9ADB77A33F5D}.Debug|Any CPU.Build.0 = Debug|Any CPU
		{788A676B-B7CF-45ED-8C88-9ADB77A33F5D}.Release|Any CPU.ActiveCfg = Release|Any CPU
		{788A676B-B7CF-45ED-8C88-9ADB77A33F5D}.Release|Any CPU.Build.0 = Release|Any CPU
		{7087170C-401F-4917-B1FD-B33730A971EB}.Debug|Any CPU.ActiveCfg = Debug|Any CPU
		{7087170C-401F-4917-B1FD-B33730A971EB}.Debug|Any CPU.Build.0 = Debug|Any CPU
		{7087170C-401F-4917-B1FD-B33730A971EB}.Release|Any CPU.ActiveCfg = Release|Any CPU
		{7087170C-401F-4917-B1FD-B33730A971EB}.Release|Any CPU.Build.0 = Release|Any CPU
		{260F8651-6B40-4980-9859-EC007CAD7D92}.Debug|Any CPU.ActiveCfg = Debug|Any CPU
		{260F8651-6B40-4980-9859-EC007CAD7D92}.Debug|Any CPU.Build.0 = Debug|Any CPU
		{260F8651-6B40-4980-9859-EC007CAD7D92}.Release|Any CPU.ActiveCfg = Release|Any CPU
		{260F8651-6B40-4980-9859-EC007CAD7D92}.Release|Any CPU.Build.0 = Release|Any CPU
	EndGlobalSection
	GlobalSection(SolutionProperties) = preSolution
		HideSolutionNode = FALSE
	EndGlobalSection
	GlobalSection(ExtensibilityGlobals) = postSolution
		SolutionGuid = {378D4C1E-1183-4059-A438-14235898CD84}
	EndGlobalSection
EndGlobal
